
Microsoft Visual Studio Solution File, Format Version 12.00
# Visual Studio Version 17
VisualStudioVersion = 17.2.32616.157
MinimumVisualStudioVersion = 10.0.40219.1
Project("{8BC9CEB8-8B4A-11D0-8D11-00A0C91BC942}") = "Stack", "Stack.vcxproj", "{CBFF6AFE-9188-48EC-A8AB-0335A608896D}"
EndProject
Global
	GlobalSection(SolutionConfigurationPlatforms) = preSolution
		Debug|x64 = Debug|x64
		Debug|x86 = Debug|x86
		Release|x64 = Release|x64
		Release|x86 = Release|x86
	EndGlobalSection
	GlobalSection(ProjectConfigurationPlatforms) = postSolution
		{CBFF6AFE-9188-48EC-A8AB-0335A608896D}.Debug|x64.ActiveCfg = Debug|x64
		{CBFF6AFE-9188-48EC-A8AB-0335A608896D}.Debug|x64.Build.0 = Debug|x64
		{CBFF6AFE-9188-48EC-A8AB-0335A608896D}.Debug|x86.ActiveCfg = Debug|Win32
		{CBFF6AFE-9188-48EC-A8AB-0335A608896D}.Debug|x86.Build.0 = Debug|Win32
		{CBFF6AFE-9188-48EC-A8AB-0335A608896D}.Release|x64.ActiveCfg = Release|x64
		{CBFF6AFE-9188-48EC-A8AB-0335A608896D}.Release|x64.Build.0 = Release|x64
		{CBFF6AFE-9188-48EC-A8AB-0335A608896D}.Release|x86.ActiveCfg = Release|Win32
		{CBFF6AFE-9188-48EC-A8AB-0335A608896D}.Release|x86.Build.0 = Release|Win32
	EndGlobalSection
	GlobalSection(SolutionProperties) = preSolution
		HideSolutionNode = FALSE
	EndGlobalSection
	GlobalSection(ExtensibilityGlobals) = postSolution
		SolutionGuid = {2EDA9A7D-0971-4E21-8346-E9803C3B493F}
	EndGlobalSection
EndGlobal
